
Microsoft Visual Studio Solution File, Format Version 12.00
# Visual Studio Version 17
VisualStudioVersion = 17.4.33110.190
MinimumVisualStudioVersion = 10.0.40219.1
Project("{FAE04EC0-301F-11D3-BF4B-00C04F79EFBC}") = "WMS.Onion", "WMS.Onion\WMS.Onion.csproj", "{51FF1DC7-338E-43FD-974C-B629B314A147}"
EndProject
Global
	GlobalSection(SolutionConfigurationPlatforms) = preSolution
		Debug|Any CPU = Debug|Any CPU
		Release|Any CPU = Release|Any CPU
	EndGlobalSection
	GlobalSection(ProjectConfigurationPlatforms) = postSolution
		{51FF1DC7-338E-43FD-974C-B629B314A147}.Debug|Any CPU.ActiveCfg = Debug|Any CPU
		{51FF1DC7-338E-43FD-974C-B629B314A147}.Debug|Any CPU.Build.0 = Debug|Any CPU
		{51FF1DC7-338E-43FD-974C-B629B314A147}.Release|Any CPU.ActiveCfg = Release|Any CPU
		{51FF1DC7-338E-43FD-974C-B629B314A147}.Release|Any CPU.Build.0 = Release|Any CPU
	EndGlobalSection
	GlobalSection(SolutionProperties) = preSolution
		HideSolutionNode = FALSE
	EndGlobalSection
	GlobalSection(ExtensibilityGlobals) = postSolution
		SolutionGuid = {A70AE0B9-83C9-4318-96FF-9304AD7A4488}
	EndGlobalSection
EndGlobal
